
Microsoft Visual Studio Solution File, Format Version 12.00
# Visual Studio Version 17
VisualStudioVersion = 17.6.33417.168
MinimumVisualStudioVersion = 10.0.40219.1
Project("{FAE04EC0-301F-11D3-BF4B-00C04F79EFBC}") = "LoopingTests", "LoopingTests\LoopingTests.csproj", "{DC081609-A96F-4159-A1CF-16D8F48AA3ED}"
EndProject
Global
	GlobalSection(SolutionConfigurationPlatforms) = preSolution
		Debug|Any CPU = Debug|Any CPU
		Release|Any CPU = Release|Any CPU
	EndGlobalSection
	GlobalSection(ProjectConfigurationPlatforms) = postSolution
		{DC081609-A96F-4159-A1CF-16D8F48AA3ED}.Debug|Any CPU.ActiveCfg = Debug|Any CPU
		{DC081609-A96F-4159-A1CF-16D8F48AA3ED}.Debug|Any CPU.Build.0 = Debug|Any CPU
		{DC081609-A96F-4159-A1CF-16D8F48AA3ED}.Release|Any CPU.ActiveCfg = Release|Any CPU
		{DC081609-A96F-4159-A1CF-16D8F48AA3ED}.Release|Any CPU.Build.0 = Release|Any CPU
	EndGlobalSection
	GlobalSection(SolutionProperties) = preSolution
		HideSolutionNode = FALSE
	EndGlobalSection
	GlobalSection(ExtensibilityGlobals) = postSolution
		SolutionGuid = {4DD5AF07-DA1D-4E07-8D8F-A82BCEA1529E}
	EndGlobalSection
EndGlobal
